
Microsoft Visual Studio Solution File, Format Version 12.00
# Visual Studio Version 16
VisualStudioVersion = 16.0.29123.89
MinimumVisualStudioVersion = 10.0.40219.1
Project("{FAE04EC0-301F-11D3-BF4B-00C04F79EFBC}") = "MySmartHome", "MySmartHome\MySmartHome.csproj", "{FC66A5F3-FB9A-42A7-9D8D-A7001505FA59}"
EndProject
Project("{FAE04EC0-301F-11D3-BF4B-00C04F79EFBC}") = "SmartHomeUnit", "SmartHomeUnit\SmartHomeUnit.csproj", "{292702F7-7B04-4FDA-BA26-7C997E1458D8}"
EndProject
Project("{FAE04EC0-301F-11D3-BF4B-00C04F79EFBC}") = "SmartHomeJablotron", "SmartHomeJablotron\SmartHomeJablotron.csproj", "{73853BA3-DB7A-4ECB-A86F-2667B5A0A933}"
EndProject
Project("{8BC9CEB8-8B4A-11D0-8D11-00A0C91BC942}") = "IoT", "IoT\IoT.vcxproj", "{6F198F2D-2413-434D-BCA2-161B454F3A1E}"
EndProject
Project("{8BC9CEB8-8B4A-11D0-8D11-00A0C91BC942}") = "Doc", "Doc\Doc.vcxproj", "{24854801-67E6-4AA7-A57C-6A62A5637483}"
EndProject
Project("{2150E333-8FDC-42A3-9474-1A3956D46DE8}") = "Solution Items", "Solution Items", "{85D8AF68-8595-4783-B661-BEFC07461B6C}"
	ProjectSection(SolutionItems) = preProject
		README.md = README.md
	EndProjectSection
EndProject
Project("{9A19103F-16F7-4668-BE54-9A1E7A4F7556}") = "SmartHomeCore", "SmartHomeCore\SmartHomeCore.csproj", "{A7C7481A-77EC-4DA4-802D-587FBFC94C95}"
EndProject
Project("{FAE04EC0-301F-11D3-BF4B-00C04F79EFBC}") = "MySmartHomeCore", "MySmartHomeCore\MySmartHomeCore.csproj", "{ED389D43-0CF6-469A-AE58-2C4B82A3585D}"
EndProject
Global
	GlobalSection(SolutionConfigurationPlatforms) = preSolution
		Debug|Any CPU = Debug|Any CPU
		Debug|x64 = Debug|x64
		Debug|x86 = Debug|x86
		Release|Any CPU = Release|Any CPU
		Release|x64 = Release|x64
		Release|x86 = Release|x86
	EndGlobalSection
	GlobalSection(ProjectConfigurationPlatforms) = postSolution
		{FC66A5F3-FB9A-42A7-9D8D-A7001505FA59}.Debug|Any CPU.ActiveCfg = Debug|Any CPU
		{FC66A5F3-FB9A-42A7-9D8D-A7001505FA59}.Debug|Any CPU.Build.0 = Debug|Any CPU
		{FC66A5F3-FB9A-42A7-9D8D-A7001505FA59}.Debug|x64.ActiveCfg = Debug|Any CPU
		{FC66A5F3-FB9A-42A7-9D8D-A7001505FA59}.Debug|x64.Build.0 = Debug|Any CPU
		{FC66A5F3-FB9A-42A7-9D8D-A7001505FA59}.Debug|x86.ActiveCfg = Debug|Any CPU
		{FC66A5F3-FB9A-42A7-9D8D-A7001505FA59}.Debug|x86.Build.0 = Debug|Any CPU
		{FC66A5F3-FB9A-42A7-9D8D-A7001505FA59}.Release|Any CPU.ActiveCfg = Release|Any CPU
		{FC66A5F3-FB9A-42A7-9D8D-A7001505FA59}.Release|Any CPU.Build.0 = Release|Any CPU
		{FC66A5F3-FB9A-42A7-9D8D-A7001505FA59}.Release|x64.ActiveCfg = Release|Any CPU
		{FC66A5F3-FB9A-42A7-9D8D-A7001505FA59}.Release|x64.Build.0 = Release|Any CPU
		{FC66A5F3-FB9A-42A7-9D8D-A7001505FA59}.Release|x86.ActiveCfg = Release|Any CPU
		{FC66A5F3-FB9A-42A7-9D8D-A7001505FA59}.Release|x86.Build.0 = Release|Any CPU
		{292702F7-7B04-4FDA-BA26-7C997E1458D8}.Debug|Any CPU.ActiveCfg = Debug|Any CPU
		{292702F7-7B04-4FDA-BA26-7C997E1458D8}.Debug|Any CPU.Build.0 = Debug|Any CPU
		{292702F7-7B04-4FDA-BA26-7C997E1458D8}.Debug|x64.ActiveCfg = Debug|Any CPU
		{292702F7-7B04-4FDA-BA26-7C997E1458D8}.Debug|x64.Build.0 = Debug|Any CPU
		{292702F7-7B04-4FDA-BA26-7C997E1458D8}.Debug|x86.ActiveCfg = Debug|Any CPU
		{292702F7-7B04-4FDA-BA26-7C997E1458D8}.Debug|x86.Build.0 = Debug|Any CPU
		{292702F7-7B04-4FDA-BA26-7C997E1458D8}.Release|Any CPU.ActiveCfg = Release|Any CPU
		{292702F7-7B04-4FDA-BA26-7C997E1458D8}.Release|Any CPU.Build.0 = Release|Any CPU
		{292702F7-7B04-4FDA-BA26-7C997E1458D8}.Release|x64.ActiveCfg = Release|Any CPU
		{292702F7-7B04-4FDA-BA26-7C997E1458D8}.Release|x64.Build.0 = Release|Any CPU
		{292702F7-7B04-4FDA-BA26-7C997E1458D8}.Release|x86.ActiveCfg = Release|Any CPU
		{292702F7-7B04-4FDA-BA26-7C997E1458D8}.Release|x86.Build.0 = Release|Any CPU
		{73853BA3-DB7A-4ECB-A86F-2667B5A0A933}.Debug|Any CPU.ActiveCfg = Debug|Any CPU
		{73853BA3-DB7A-4ECB-A86F-2667B5A0A933}.Debug|Any CPU.Build.0 = Debug|Any CPU
		{73853BA3-DB7A-4ECB-A86F-2667B5A0A933}.Debug|x64.ActiveCfg = Debug|Any CPU
		{73853BA3-DB7A-4ECB-A86F-2667B5A0A933}.Debug|x64.Build.0 = Debug|Any CPU
		{73853BA3-DB7A-4ECB-A86F-2667B5A0A933}.Debug|x86.ActiveCfg = Debug|Any CPU
		{73853BA3-DB7A-4ECB-A86F-2667B5A0A933}.Debug|x86.Build.0 = Debug|Any CPU
		{73853BA3-DB7A-4ECB-A86F-2667B5A0A933}.Release|Any CPU.ActiveCfg = Release|Any CPU
		{73853BA3-DB7A-4ECB-A86F-2667B5A0A933}.Release|Any CPU.Build.0 = Release|Any CPU
		{73853BA3-DB7A-4ECB-A86F-2667B5A0A933}.Release|x64.ActiveCfg = Release|Any CPU
		{73853BA3-DB7A-4ECB-A86F-2667B5A0A933}.Release|x64.Build.0 = Release|Any CPU
		{73853BA3-DB7A-4ECB-A86F-2667B5A0A933}.Release|x86.ActiveCfg = Release|Any CPU
		{73853BA3-DB7A-4ECB-A86F-2667B5A0A933}.Release|x86.Build.0 = Release|Any CPU
		{6F198F2D-2413-434D-BCA2-161B454F3A1E}.Debug|Any CPU.ActiveCfg = Debug|Win32
		{6F198F2D-2413-434D-BCA2-161B454F3A1E}.Debug|x64.ActiveCfg = Debug|x64
		{6F198F2D-2413-434D-BCA2-161B454F3A1E}.Debug|x64.Build.0 = Debug|x64
		{6F198F2D-2413-434D-BCA2-161B454F3A1E}.Debug|x86.ActiveCfg = Debug|Win32
		{6F198F2D-2413-434D-BCA2-161B454F3A1E}.Debug|x86.Build.0 = Debug|Win32
		{6F198F2D-2413-434D-BCA2-161B454F3A1E}.Release|Any CPU.ActiveCfg = Release|Win32
		{6F198F2D-2413-434D-BCA2-161B454F3A1E}.Release|x64.ActiveCfg = Release|x64
		{6F198F2D-2413-434D-BCA2-161B454F3A1E}.Release|x64.Build.0 = Release|x64
		{6F198F2D-2413-434D-BCA2-161B454F3A1E}.Release|x86.ActiveCfg = Release|Win32
		{6F198F2D-2413-434D-BCA2-161B454F3A1E}.Release|x86.Build.0 = Release|Win32
		{24854801-67E6-4AA7-A57C-6A62A5637483}.Debug|Any CPU.ActiveCfg = Debug|Win32
		{24854801-67E6-4AA7-A57C-6A62A5637483}.Debug|x64.ActiveCfg = Debug|x64
		{24854801-67E6-4AA7-A57C-6A62A5637483}.Debug|x64.Build.0 = Debug|x64
		{24854801-67E6-4AA7-A57C-6A62A5637483}.Debug|x86.ActiveCfg = Debug|Win32
		{24854801-67E6-4AA7-A57C-6A62A5637483}.Debug|x86.Build.0 = Debug|Win32
		{24854801-67E6-4AA7-A57C-6A62A5637483}.Release|Any CPU.ActiveCfg = Release|Win32
		{24854801-67E6-4AA7-A57C-6A62A5637483}.Release|x64.ActiveCfg = Release|x64
		{24854801-67E6-4AA7-A57C-6A62A5637483}.Release|x64.Build.0 = Release|x64
		{24854801-67E6-4AA7-A57C-6A62A5637483}.Release|x86.ActiveCfg = Release|Win32
		{24854801-67E6-4AA7-A57C-6A62A5637483}.Release|x86.Build.0 = Release|Win32
		{A7C7481A-77EC-4DA4-802D-587FBFC94C95}.Debug|Any CPU.ActiveCfg = Debug|Any CPU
		{A7C7481A-77EC-4DA4-802D-587FBFC94C95}.Debug|Any CPU.Build.0 = Debug|Any CPU
		{A7C7481A-77EC-4DA4-802D-587FBFC94C95}.Debug|x64.ActiveCfg = Debug|Any CPU
		{A7C7481A-77EC-4DA4-802D-587FBFC94C95}.Debug|x64.Build.0 = Debug|Any CPU
		{A7C7481A-77EC-4DA4-802D-587FBFC94C95}.Debug|x86.ActiveCfg = Debug|Any CPU
		{A7C7481A-77EC-4DA4-802D-587FBFC94C95}.Debug|x86.Build.0 = Debug|Any CPU
		{A7C7481A-77EC-4DA4-802D-587FBFC94C95}.Release|Any CPU.ActiveCfg = Release|Any CPU
		{A7C7481A-77EC-4DA4-802D-587FBFC94C95}.Release|Any CPU.Build.0 = Release|Any CPU
		{A7C7481A-77EC-4DA4-802D-587FBFC94C95}.Release|x64.ActiveCfg = Release|Any CPU
		{A7C7481A-77EC-4DA4-802D-587FBFC94C95}.Release|x64.Build.0 = Release|Any CPU
		{A7C7481A-77EC-4DA4-802D-587FBFC94C95}.Release|x86.ActiveCfg = Release|Any CPU
		{A7C7481A-77EC-4DA4-802D-587FBFC94C95}.Release|x86.Build.0 = Release|Any CPU
		{ED389D43-0CF6-469A-AE58-2C4B82A3585D}.Debug|Any CPU.ActiveCfg = Debug|Any CPU
		{ED389D43-0CF6-469A-AE58-2C4B82A3585D}.Debug|Any CPU.Build.0 = Debug|Any CPU
		{ED389D43-0CF6-469A-AE58-2C4B82A3585D}.Debug|x64.ActiveCfg = Debug|Any CPU
		{ED389D43-0CF6-469A-AE58-2C4B82A3585D}.Debug|x64.Build.0 = Debug|Any CPU
		{ED389D43-0CF6-469A-AE58-2C4B82A3585D}.Debug|x86.ActiveCfg = Debug|Any CPU
		{ED389D43-0CF6-469A-AE58-2C4B82A3585D}.Debug|x86.Build.0 = Debug|Any CPU
		{ED389D43-0CF6-469A-AE58-2C4B82A3585D}.Release|Any CPU.ActiveCfg = Release|Any CPU
		{ED389D43-0CF6-469A-AE58-2C4B82A3585D}.Release|Any CPU.Build.0 = Release|Any CPU
		{ED389D43-0CF6-469A-AE58-2C4B82A3585D}.Release|x64.ActiveCfg = Release|Any CPU
		{ED389D43-0CF6-469A-AE58-2C4B82A3585D}.Release|x64.Build.0 = Release|Any CPU
		{ED389D43-0CF6-469A-AE58-2C4B82A3585D}.Release|x86.ActiveCfg = Release|Any CPU
		{ED389D43-0CF6-469A-AE58-2C4B82A3585D}.Release|x86.Build.0 = Release|Any CPU
	EndGlobalSection
	GlobalSection(SolutionProperties) = preSolution
		HideSolutionNode = FALSE
	EndGlobalSection
	GlobalSection(ExtensibilityGlobals) = postSolution
		SolutionGuid = {795BA9F6-DDB4-49B8-AAD5-7336AD5EF4A8}
	EndGlobalSection
EndGlobal
